// !$*UTF8*$!
{
	archiveVersion = 1;
	classes = {
	};
	objectVersion = 56;
	objects = {

/* Begin PBXBuildFile section */
		1133FD86297712E500820BE8 /* CityCollectionViewCell.swift in Sources */ = {isa = PBXBuildFile; fileRef = 1133FD84297712E500820BE8 /* CityCollectionViewCell.swift */; };
		1133FD87297712E500820BE8 /* CityCollectionViewCell.xib in Resources */ = {isa = PBXBuildFile; fileRef = 1133FD85297712E500820BE8 /* CityCollectionViewCell.xib */; };
		1163E76E2976FF7A00EA39EB /* AppDelegate.swift in Sources */ = {isa = PBXBuildFile; fileRef = 1163E76D2976FF7A00EA39EB /* AppDelegate.swift */; };
		1163E7702976FF7A00EA39EB /* SceneDelegate.swift in Sources */ = {isa = PBXBuildFile; fileRef = 1163E76F2976FF7A00EA39EB /* SceneDelegate.swift */; };
		1163E7772976FF7D00EA39EB /* Assets.xcassets in Resources */ = {isa = PBXBuildFile; fileRef = 1163E7762976FF7D00EA39EB /* Assets.xcassets */; };
		1163E77A2976FF7D00EA39EB /* LaunchScreen.storyboard in Resources */ = {isa = PBXBuildFile; fileRef = 1163E7782976FF7D00EA39EB /* LaunchScreen.storyboard */; };
		1163E7822977021F00EA39EB /* BelarusbankAPI.swift in Sources */ = {isa = PBXBuildFile; fileRef = 1163E7812977021F00EA39EB /* BelarusbankAPI.swift */; };
		1163E7842977023F00EA39EB /* BelarusbankModel.swift in Sources */ = {isa = PBXBuildFile; fileRef = 1163E7832977023F00EA39EB /* BelarusbankModel.swift */; };
		1163E7862977027C00EA39EB /* BelarusbankRequest.swift in Sources */ = {isa = PBXBuildFile; fileRef = 1163E7852977027C00EA39EB /* BelarusbankRequest.swift */; };
		1163E78A297707BF00EA39EB /* TabBarController.swift in Sources */ = {isa = PBXBuildFile; fileRef = 1163E789297707BF00EA39EB /* TabBarController.swift */; };
		1163E79429770A7600EA39EB /* MapViewController.swift in Sources */ = {isa = PBXBuildFile; fileRef = 1163E79229770A7600EA39EB /* MapViewController.swift */; };
		1163E79529770A7600EA39EB /* MapViewController.xib in Resources */ = {isa = PBXBuildFile; fileRef = 1163E79329770A7600EA39EB /* MapViewController.xib */; };
		1163E79829770A8900EA39EB /* GemsViewController.swift in Sources */ = {isa = PBXBuildFile; fileRef = 1163E79629770A8900EA39EB /* GemsViewController.swift */; };
		1163E79929770A8900EA39EB /* GemsViewController.xib in Resources */ = {isa = PBXBuildFile; fileRef = 1163E79729770A8900EA39EB /* GemsViewController.xib */; };
		11A9DFDE2979B85C00B859BA /* MetalViewController.swift in Sources */ = {isa = PBXBuildFile; fileRef = 11A9DFDC2979B85C00B859BA /* MetalViewController.swift */; };
		11A9DFDF2979B85C00B859BA /* MetalViewController.xib in Resources */ = {isa = PBXBuildFile; fileRef = 11A9DFDD2979B85C00B859BA /* MetalViewController.xib */; };
		11A9DFE32979BD7E00B859BA /* MetalTableViewCell.swift in Sources */ = {isa = PBXBuildFile; fileRef = 11A9DFE12979BD7E00B859BA /* MetalTableViewCell.swift */; };
		11A9DFE42979BD7E00B859BA /* MetalTableViewCell.xib in Resources */ = {isa = PBXBuildFile; fileRef = 11A9DFE22979BD7E00B859BA /* MetalTableViewCell.xib */; };
		11B43D2629803A8000AF6BCD /* NewsViewController.swift in Sources */ = {isa = PBXBuildFile; fileRef = 11B43D2429803A8000AF6BCD /* NewsViewController.swift */; };
		11B43D2729803A8000AF6BCD /* NewsViewController.xib in Resources */ = {isa = PBXBuildFile; fileRef = 11B43D2529803A8000AF6BCD /* NewsViewController.xib */; };
		11B43D2B29803B9600AF6BCD /* NewsTableViewCell.swift in Sources */ = {isa = PBXBuildFile; fileRef = 11B43D2929803B9600AF6BCD /* NewsTableViewCell.swift */; };
		11B43D2C29803B9600AF6BCD /* NewsTableViewCell.xib in Resources */ = {isa = PBXBuildFile; fileRef = 11B43D2A29803B9600AF6BCD /* NewsTableViewCell.xib */; };
		11C845BA29771249000B764B /* SortCollectionViewCell.swift in Sources */ = {isa = PBXBuildFile; fileRef = 11C845B829771249000B764B /* SortCollectionViewCell.swift */; };
		11C845BB29771249000B764B /* SortCollectionViewCell.xib in Resources */ = {isa = PBXBuildFile; fileRef = 11C845B929771249000B764B /* SortCollectionViewCell.xib */; };
		11D07A5A2979A53100390926 /* GemsTableViewCell.swift in Sources */ = {isa = PBXBuildFile; fileRef = 11D07A582979A53100390926 /* GemsTableViewCell.swift */; };
		11D07A5B2979A53100390926 /* GemsTableViewCell.xib in Resources */ = {isa = PBXBuildFile; fileRef = 11D07A592979A53100390926 /* GemsTableViewCell.xib */; };
		96956B8A8DFE44AA7D12DF67 /* Pods_BankApp.framework in Frameworks */ = {isa = PBXBuildFile; fileRef = B1B49EF6D82718B62176E09D /* Pods_BankApp.framework */; };
/* End PBXBuildFile section */

/* Begin PBXFileReference section */
		1133FD84297712E500820BE8 /* CityCollectionViewCell.swift */ = {isa = PBXFileReference; lastKnownFileType = sourcecode.swift; path = CityCollectionViewCell.swift; sourceTree = "<group>"; };
		1133FD85297712E500820BE8 /* CityCollectionViewCell.xib */ = {isa = PBXFileReference; lastKnownFileType = file.xib; path = CityCollectionViewCell.xib; sourceTree = "<group>"; };
		1163E76A2976FF7A00EA39EB /* BankApp.app */ = {isa = PBXFileReference; explicitFileType = wrapper.application; includeInIndex = 0; path = BankApp.app; sourceTree = BUILT_PRODUCTS_DIR; };
		1163E76D2976FF7A00EA39EB /* AppDelegate.swift */ = {isa = PBXFileReference; lastKnownFileType = sourcecode.swift; path = AppDelegate.swift; sourceTree = "<group>"; };
		1163E76F2976FF7A00EA39EB /* SceneDelegate.swift */ = {isa = PBXFileReference; lastKnownFileType = sourcecode.swift; path = SceneDelegate.swift; sourceTree = "<group>"; };
		1163E7762976FF7D00EA39EB /* Assets.xcassets */ = {isa = PBXFileReference; lastKnownFileType = folder.assetcatalog; path = Assets.xcassets; sourceTree = "<group>"; };
		1163E7792976FF7D00EA39EB /* Base */ = {isa = PBXFileReference; lastKnownFileType = file.storyboard; name = Base; path = Base.lproj/LaunchScreen.storyboard; sourceTree = "<group>"; };
		1163E77B2976FF7D00EA39EB /* Info.plist */ = {isa = PBXFileReference; lastKnownFileType = text.plist.xml; path = Info.plist; sourceTree = "<group>"; };
		1163E7812977021F00EA39EB /* BelarusbankAPI.swift */ = {isa = PBXFileReference; lastKnownFileType = sourcecode.swift; path = BelarusbankAPI.swift; sourceTree = "<group>"; };
		1163E7832977023F00EA39EB /* BelarusbankModel.swift */ = {isa = PBXFileReference; lastKnownFileType = sourcecode.swift; path = BelarusbankModel.swift; sourceTree = "<group>"; };
		1163E7852977027C00EA39EB /* BelarusbankRequest.swift */ = {isa = PBXFileReference; lastKnownFileType = sourcecode.swift; path = BelarusbankRequest.swift; sourceTree = "<group>"; };
		1163E789297707BF00EA39EB /* TabBarController.swift */ = {isa = PBXFileReference; lastKnownFileType = sourcecode.swift; path = TabBarController.swift; sourceTree = "<group>"; };
		1163E79229770A7600EA39EB /* MapViewController.swift */ = {isa = PBXFileReference; lastKnownFileType = sourcecode.swift; path = MapViewController.swift; sourceTree = "<group>"; };
		1163E79329770A7600EA39EB /* MapViewController.xib */ = {isa = PBXFileReference; lastKnownFileType = file.xib; path = MapViewController.xib; sourceTree = "<group>"; };
		1163E79629770A8900EA39EB /* GemsViewController.swift */ = {isa = PBXFileReference; lastKnownFileType = sourcecode.swift; path = GemsViewController.swift; sourceTree = "<group>"; };
		1163E79729770A8900EA39EB /* GemsViewController.xib */ = {isa = PBXFileReference; lastKnownFileType = file.xib; path = GemsViewController.xib; sourceTree = "<group>"; };
		11A9DFDC2979B85C00B859BA /* MetalViewController.swift */ = {isa = PBXFileReference; lastKnownFileType = sourcecode.swift; path = MetalViewController.swift; sourceTree = "<group>"; };
		11A9DFDD2979B85C00B859BA /* MetalViewController.xib */ = {isa = PBXFileReference; lastKnownFileType = file.xib; path = MetalViewController.xib; sourceTree = "<group>"; };
		11A9DFE12979BD7E00B859BA /* MetalTableViewCell.swift */ = {isa = PBXFileReference; lastKnownFileType = sourcecode.swift; path = MetalTableViewCell.swift; sourceTree = "<group>"; };
		11A9DFE22979BD7E00B859BA /* MetalTableViewCell.xib */ = {isa = PBXFileReference; lastKnownFileType = file.xib; path = MetalTableViewCell.xib; sourceTree = "<group>"; };
		11B43D2429803A8000AF6BCD /* NewsViewController.swift */ = {isa = PBXFileReference; lastKnownFileType = sourcecode.swift; path = NewsViewController.swift; sourceTree = "<group>"; };
		11B43D2529803A8000AF6BCD /* NewsViewController.xib */ = {isa = PBXFileReference; lastKnownFileType = file.xib; path = NewsViewController.xib; sourceTree = "<group>"; };
		11B43D2929803B9600AF6BCD /* NewsTableViewCell.swift */ = {isa = PBXFileReference; lastKnownFileType = sourcecode.swift; path = NewsTableViewCell.swift; sourceTree = "<group>"; };
		11B43D2A29803B9600AF6BCD /* NewsTableViewCell.xib */ = {isa = PBXFileReference; lastKnownFileType = file.xib; path = NewsTableViewCell.xib; sourceTree = "<group>"; };
		11C845B829771249000B764B /* SortCollectionViewCell.swift */ = {isa = PBXFileReference; lastKnownFileType = sourcecode.swift; path = SortCollectionViewCell.swift; sourceTree = "<group>"; };
		11C845B929771249000B764B /* SortCollectionViewCell.xib */ = {isa = PBXFileReference; lastKnownFileType = file.xib; path = SortCollectionViewCell.xib; sourceTree = "<group>"; };
		11D07A582979A53100390926 /* GemsTableViewCell.swift */ = {isa = PBXFileReference; lastKnownFileType = sourcecode.swift; path = GemsTableViewCell.swift; sourceTree = "<group>"; };
		11D07A592979A53100390926 /* GemsTableViewCell.xib */ = {isa = PBXFileReference; lastKnownFileType = file.xib; path = GemsTableViewCell.xib; sourceTree = "<group>"; };
		24370D18416864903D1A0972 /* Pods-BankApp.release.xcconfig */ = {isa = PBXFileReference; includeInIndex = 1; lastKnownFileType = text.xcconfig; name = "Pods-BankApp.release.xcconfig"; path = "Target Support Files/Pods-BankApp/Pods-BankApp.release.xcconfig"; sourceTree = "<group>"; };
		8D2C777CAC130DB33E0BCC89 /* Pods-BankApp.debug.xcconfig */ = {isa = PBXFileReference; includeInIndex = 1; lastKnownFileType = text.xcconfig; name = "Pods-BankApp.debug.xcconfig"; path = "Target Support Files/Pods-BankApp/Pods-BankApp.debug.xcconfig"; sourceTree = "<group>"; };
		B1B49EF6D82718B62176E09D /* Pods_BankApp.framework */ = {isa = PBXFileReference; explicitFileType = wrapper.framework; includeInIndex = 0; path = Pods_BankApp.framework; sourceTree = BUILT_PRODUCTS_DIR; };
/* End PBXFileReference section */

/* Begin PBXFrameworksBuildPhase section */
		1163E7672976FF7A00EA39EB /* Frameworks */ = {
			isa = PBXFrameworksBuildPhase;
			buildActionMask = 2147483647;
			files = (
				96956B8A8DFE44AA7D12DF67 /* Pods_BankApp.framework in Frameworks */,
			);
			runOnlyForDeploymentPostprocessing = 0;
		};
/* End PBXFrameworksBuildPhase section */

/* Begin PBXGroup section */
		0ED1291731061EF291851D90 /* Pods */ = {
			isa = PBXGroup;
			children = (
				8D2C777CAC130DB33E0BCC89 /* Pods-BankApp.debug.xcconfig */,
				24370D18416864903D1A0972 /* Pods-BankApp.release.xcconfig */,
			);
			path = Pods;
			sourceTree = "<group>";
		};
		1163E7612976FF7A00EA39EB = {
			isa = PBXGroup;
			children = (
				1163E76C2976FF7A00EA39EB /* BankApp */,
				1163E76B2976FF7A00EA39EB /* Products */,
				0ED1291731061EF291851D90 /* Pods */,
				D7C8C5BADBEFEF1AF54C6186 /* Frameworks */,
			);
			sourceTree = "<group>";
		};
		1163E76B2976FF7A00EA39EB /* Products */ = {
			isa = PBXGroup;
			children = (
				1163E76A2976FF7A00EA39EB /* BankApp.app */,
			);
			name = Products;
			sourceTree = "<group>";
		};
		1163E76C2976FF7A00EA39EB /* BankApp */ = {
			isa = PBXGroup;
			children = (
				11B43D2329803A6900AF6BCD /* NewsController */,
				11A9DFDB2979B84200B859BA /* MetalController */,
				1163E78B2977086E00EA39EB /* GemsController */,
				1163E78D2977089E00EA39EB /* MapController */,
				1163E7882977072100EA39EB /* TabBar */,
				1163E7872977036900EA39EB /* BelarusbankAPI */,
				1163E76D2976FF7A00EA39EB /* AppDelegate.swift */,
				1163E76F2976FF7A00EA39EB /* SceneDelegate.swift */,
				1163E7762976FF7D00EA39EB /* Assets.xcassets */,
				1163E7782976FF7D00EA39EB /* LaunchScreen.storyboard */,
				1163E77B2976FF7D00EA39EB /* Info.plist */,
			);
			path = BankApp;
			sourceTree = "<group>";
		};
		1163E7872977036900EA39EB /* BelarusbankAPI */ = {
			isa = PBXGroup;
			children = (
				1163E7852977027C00EA39EB /* BelarusbankRequest.swift */,
				1163E7812977021F00EA39EB /* BelarusbankAPI.swift */,
				1163E7832977023F00EA39EB /* BelarusbankModel.swift */,
			);
			path = BelarusbankAPI;
			sourceTree = "<group>";
		};
		1163E7882977072100EA39EB /* TabBar */ = {
			isa = PBXGroup;
			children = (
				1163E789297707BF00EA39EB /* TabBarController.swift */,
			);
			path = TabBar;
			sourceTree = "<group>";
		};
		1163E78B2977086E00EA39EB /* GemsController */ = {
			isa = PBXGroup;
			children = (
				11D07A572979A50B00390926 /* GemsTableViewCell */,
				1163E79629770A8900EA39EB /* GemsViewController.swift */,
				1163E79729770A8900EA39EB /* GemsViewController.xib */,
			);
			path = GemsController;
			sourceTree = "<group>";
		};
		1163E78D2977089E00EA39EB /* MapController */ = {
			isa = PBXGroup;
			children = (
				11C845C02977126C000B764B /* CityCollectionViewCell */,
				11C845B72977121E000B764B /* SortCollectionViewCell */,
				1163E79229770A7600EA39EB /* MapViewController.swift */,
				1163E79329770A7600EA39EB /* MapViewController.xib */,
			);
			path = MapController;
			sourceTree = "<group>";
		};
		11A9DFDB2979B84200B859BA /* MetalController */ = {
			isa = PBXGroup;
			children = (
				11A9DFE02979BD5800B859BA /* MetalControllerViewCell */,
				11A9DFDC2979B85C00B859BA /* MetalViewController.swift */,
				11A9DFDD2979B85C00B859BA /* MetalViewController.xib */,
			);
			path = MetalController;
			sourceTree = "<group>";
		};
		11A9DFE02979BD5800B859BA /* MetalControllerViewCell */ = {
			isa = PBXGroup;
			children = (
				11A9DFE12979BD7E00B859BA /* MetalTableViewCell.swift */,
				11A9DFE22979BD7E00B859BA /* MetalTableViewCell.xib */,
			);
			path = MetalControllerViewCell;
			sourceTree = "<group>";
		};
		11B43D2329803A6900AF6BCD /* NewsController */ = {
			isa = PBXGroup;
			children = (
				11B43D2829803B6400AF6BCD /* NewsTableViewCell */,
				11B43D2429803A8000AF6BCD /* NewsViewController.swift */,
				11B43D2529803A8000AF6BCD /* NewsViewController.xib */,
			);
			path = NewsController;
			sourceTree = "<group>";
		};
		11B43D2829803B6400AF6BCD /* NewsTableViewCell */ = {
			isa = PBXGroup;
			children = (
				11B43D2929803B9600AF6BCD /* NewsTableViewCell.swift */,
				11B43D2A29803B9600AF6BCD /* NewsTableViewCell.xib */,
			);
			path = NewsTableViewCell;
			sourceTree = "<group>";
		};
		11C845B72977121E000B764B /* SortCollectionViewCell */ = {
			isa = PBXGroup;
			children = (
				11C845B829771249000B764B /* SortCollectionViewCell.swift */,
				11C845B929771249000B764B /* SortCollectionViewCell.xib */,
			);
			path = SortCollectionViewCell;
			sourceTree = "<group>";
		};
		11C845C02977126C000B764B /* CityCollectionViewCell */ = {
			isa = PBXGroup;
			children = (
				1133FD84297712E500820BE8 /* CityCollectionViewCell.swift */,
				1133FD85297712E500820BE8 /* CityCollectionViewCell.xib */,
			);
			path = CityCollectionViewCell;
			sourceTree = "<group>";
		};
		11D07A572979A50B00390926 /* GemsTableViewCell */ = {
			isa = PBXGroup;
			children = (
				11D07A582979A53100390926 /* GemsTableViewCell.swift */,
				11D07A592979A53100390926 /* GemsTableViewCell.xib */,
			);
			path = GemsTableViewCell;
			sourceTree = "<group>";
		};
		D7C8C5BADBEFEF1AF54C6186 /* Frameworks */ = {
			isa = PBXGroup;
			children = (
				B1B49EF6D82718B62176E09D /* Pods_BankApp.framework */,
			);
			name = Frameworks;
			sourceTree = "<group>";
		};
/* End PBXGroup section */

/* Begin PBXNativeTarget section */
		1163E7692976FF7A00EA39EB /* BankApp */ = {
			isa = PBXNativeTarget;
			buildConfigurationList = 1163E77E2976FF7D00EA39EB /* Build configuration list for PBXNativeTarget "BankApp" */;
			buildPhases = (
				7E7638C976CED747FC0862EB /* [CP] Check Pods Manifest.lock */,
				1163E7662976FF7A00EA39EB /* Sources */,
				1163E7672976FF7A00EA39EB /* Frameworks */,
				1163E7682976FF7A00EA39EB /* Resources */,
				85E60CA857AEA98EA5B39D85 /* [CP] Embed Pods Frameworks */,
				EEA7857944F9DAE2D8D10537 /* [CP] Copy Pods Resources */,
			);
			buildRules = (
			);
			dependencies = (
			);
			name = BankApp;
			productName = BankApp;
			productReference = 1163E76A2976FF7A00EA39EB /* BankApp.app */;
			productType = "com.apple.product-type.application";
		};
/* End PBXNativeTarget section */

/* Begin PBXProject section */
		1163E7622976FF7A00EA39EB /* Project object */ = {
			isa = PBXProject;
			attributes = {
				BuildIndependentTargetsInParallel = 1;
				LastSwiftUpdateCheck = 1420;
				LastUpgradeCheck = 1420;
				TargetAttributes = {
					1163E7692976FF7A00EA39EB = {
						CreatedOnToolsVersion = 14.2;
					};
				};
			};
			buildConfigurationList = 1163E7652976FF7A00EA39EB /* Build configuration list for PBXProject "BankApp" */;
			compatibilityVersion = "Xcode 14.0";
			developmentRegion = en;
			hasScannedForEncodings = 0;
			knownRegions = (
				en,
				Base,
			);
			mainGroup = 1163E7612976FF7A00EA39EB;
			productRefGroup = 1163E76B2976FF7A00EA39EB /* Products */;
			projectDirPath = "";
			projectRoot = "";
			targets = (
				1163E7692976FF7A00EA39EB /* BankApp */,
			);
		};
/* End PBXProject section */

/* Begin PBXResourcesBuildPhase section */
		1163E7682976FF7A00EA39EB /* Resources */ = {
			isa = PBXResourcesBuildPhase;
			buildActionMask = 2147483647;
			files = (
				11D07A5B2979A53100390926 /* GemsTableViewCell.xib in Resources */,
				1163E77A2976FF7D00EA39EB /* LaunchScreen.storyboard in Resources */,
				11A9DFDF2979B85C00B859BA /* MetalViewController.xib in Resources */,
				1133FD87297712E500820BE8 /* CityCollectionViewCell.xib in Resources */,
				1163E79529770A7600EA39EB /* MapViewController.xib in Resources */,
				1163E79929770A8900EA39EB /* GemsViewController.xib in Resources */,
				11C845BB29771249000B764B /* SortCollectionViewCell.xib in Resources */,
				11B43D2C29803B9600AF6BCD /* NewsTableViewCell.xib in Resources */,
				11B43D2729803A8000AF6BCD /* NewsViewController.xib in Resources */,
				11A9DFE42979BD7E00B859BA /* MetalTableViewCell.xib in Resources */,
				1163E7772976FF7D00EA39EB /* Assets.xcassets in Resources */,
			);
			runOnlyForDeploymentPostprocessing = 0;
		};
/* End PBXResourcesBuildPhase section */

/* Begin PBXShellScriptBuildPhase section */
		7E7638C976CED747FC0862EB /* [CP] Check Pods Manifest.lock */ = {
			isa = PBXShellScriptBuildPhase;
			buildActionMask = 2147483647;
			files = (
			);
			inputFileListPaths = (
			);
			inputPaths = (
				"${PODS_PODFILE_DIR_PATH}/Podfile.lock",
				"${PODS_ROOT}/Manifest.lock",
			);
			name = "[CP] Check Pods Manifest.lock";
			outputFileListPaths = (
			);
			outputPaths = (
				"$(DERIVED_FILE_DIR)/Pods-BankApp-checkManifestLockResult.txt",
			);
			runOnlyForDeploymentPostprocessing = 0;
			shellPath = /bin/sh;
			shellScript = "diff \"${PODS_PODFILE_DIR_PATH}/Podfile.lock\" \"${PODS_ROOT}/Manifest.lock\" > /dev/null\nif [ $? != 0 ] ; then\n    # print error to STDERR\n    echo \"error: The sandbox is not in sync with the Podfile.lock. Run 'pod install' or update your CocoaPods installation.\" >&2\n    exit 1\nfi\n# This output is used by Xcode 'outputs' to avoid re-running this script phase.\necho \"SUCCESS\" > \"${SCRIPT_OUTPUT_FILE_0}\"\n";
			showEnvVarsInLog = 0;
		};
		85E60CA857AEA98EA5B39D85 /* [CP] Embed Pods Frameworks */ = {
			isa = PBXShellScriptBuildPhase;
			buildActionMask = 2147483647;
			files = (
			);
			inputFileListPaths = (
				"${PODS_ROOT}/Target Support Files/Pods-BankApp/Pods-BankApp-frameworks-${CONFIGURATION}-input-files.xcfilelist",
			);
			name = "[CP] Embed Pods Frameworks";
			outputFileListPaths = (
				"${PODS_ROOT}/Target Support Files/Pods-BankApp/Pods-BankApp-frameworks-${CONFIGURATION}-output-files.xcfilelist",
			);
			runOnlyForDeploymentPostprocessing = 0;
			shellPath = /bin/sh;
			shellScript = "\"${PODS_ROOT}/Target Support Files/Pods-BankApp/Pods-BankApp-frameworks.sh\"\n";
			showEnvVarsInLog = 0;
		};
		EEA7857944F9DAE2D8D10537 /* [CP] Copy Pods Resources */ = {
			isa = PBXShellScriptBuildPhase;
			buildActionMask = 2147483647;
			files = (
			);
			inputFileListPaths = (
				"${PODS_ROOT}/Target Support Files/Pods-BankApp/Pods-BankApp-resources-${CONFIGURATION}-input-files.xcfilelist",
			);
			name = "[CP] Copy Pods Resources";
			outputFileListPaths = (
				"${PODS_ROOT}/Target Support Files/Pods-BankApp/Pods-BankApp-resources-${CONFIGURATION}-output-files.xcfilelist",
			);
			runOnlyForDeploymentPostprocessing = 0;
			shellPath = /bin/sh;
			shellScript = "\"${PODS_ROOT}/Target Support Files/Pods-BankApp/Pods-BankApp-resources.sh\"\n";
			showEnvVarsInLog = 0;
		};
/* End PBXShellScriptBuildPhase section */

/* Begin PBXSourcesBuildPhase section */
		1163E7662976FF7A00EA39EB /* Sources */ = {
			isa = PBXSourcesBuildPhase;
			buildActionMask = 2147483647;
			files = (
				11C845BA29771249000B764B /* SortCollectionViewCell.swift in Sources */,
				1163E7842977023F00EA39EB /* BelarusbankModel.swift in Sources */,
				11B43D2B29803B9600AF6BCD /* NewsTableViewCell.swift in Sources */,
				11A9DFDE2979B85C00B859BA /* MetalViewController.swift in Sources */,
				1163E7862977027C00EA39EB /* BelarusbankRequest.swift in Sources */,
				1133FD86297712E500820BE8 /* CityCollectionViewCell.swift in Sources */,
				1163E76E2976FF7A00EA39EB /* AppDelegate.swift in Sources */,
				1163E78A297707BF00EA39EB /* TabBarController.swift in Sources */,
				1163E7702976FF7A00EA39EB /* SceneDelegate.swift in Sources */,
				1163E7822977021F00EA39EB /* BelarusbankAPI.swift in Sources */,
				11D07A5A2979A53100390926 /* GemsTableViewCell.swift in Sources */,
				1163E79829770A8900EA39EB /* GemsViewController.swift in Sources */,
				11B43D2629803A8000AF6BCD /* NewsViewController.swift in Sources */,
				11A9DFE32979BD7E00B859BA /* MetalTableViewCell.swift in Sources */,
				1163E79429770A7600EA39EB /* MapViewController.swift in Sources */,
			);
			runOnlyForDeploymentPostprocessing = 0;
		};
/* End PBXSourcesBuildPhase section */

/* Begin PBXVariantGroup section */
		1163E7782976FF7D00EA39EB /* LaunchScreen.storyboard */ = {
			isa = PBXVariantGroup;
			children = (
				1163E7792976FF7D00EA39EB /* Base */,
			);
			name = LaunchScreen.storyboard;
			sourceTree = "<group>";
		};
/* End PBXVariantGroup section */

/* Begin XCBuildConfiguration section */
		1163E77C2976FF7D00EA39EB /* Debug */ = {
			isa = XCBuildConfiguration;
			buildSettings = {
				ALWAYS_SEARCH_USER_PATHS = NO;
				CLANG_ANALYZER_NONNULL = YES;
				CLANG_ANALYZER_NUMBER_OBJECT_CONVERSION = YES_AGGRESSIVE;
				CLANG_CXX_LANGUAGE_STANDARD = "gnu++20";
				CLANG_ENABLE_MODULES = YES;
				CLANG_ENABLE_OBJC_ARC = YES;
				CLANG_ENABLE_OBJC_WEAK = YES;
				CLANG_WARN_BLOCK_CAPTURE_AUTORELEASING = YES;
				CLANG_WARN_BOOL_CONVERSION = YES;
				CLANG_WARN_COMMA = YES;
				CLANG_WARN_CONSTANT_CONVERSION = YES;
				CLANG_WARN_DEPRECATED_OBJC_IMPLEMENTATIONS = YES;
				CLANG_WARN_DIRECT_OBJC_ISA_USAGE = YES_ERROR;
				CLANG_WARN_DOCUMENTATION_COMMENTS = YES;
				CLANG_WARN_EMPTY_BODY = YES;
				CLANG_WARN_ENUM_CONVERSION = YES;
				CLANG_WARN_INFINITE_RECURSION = YES;
				CLANG_WARN_INT_CONVERSION = YES;
				CLANG_WARN_NON_LITERAL_NULL_CONVERSION = YES;
				CLANG_WARN_OBJC_IMPLICIT_RETAIN_SELF = YES;
				CLANG_WARN_OBJC_LITERAL_CONVERSION = YES;
				CLANG_WARN_OBJC_ROOT_CLASS = YES_ERROR;
				CLANG_WARN_QUOTED_INCLUDE_IN_FRAMEWORK_HEADER = YES;
				CLANG_WARN_RANGE_LOOP_ANALYSIS = YES;
				CLANG_WARN_STRICT_PROTOTYPES = YES;
				CLANG_WARN_SUSPICIOUS_MOVE = YES;
				CLANG_WARN_UNGUARDED_AVAILABILITY = YES_AGGRESSIVE;
				CLANG_WARN_UNREACHABLE_CODE = YES;
				CLANG_WARN__DUPLICATE_METHOD_MATCH = YES;
				COPY_PHASE_STRIP = NO;
				DEBUG_INFORMATION_FORMAT = dwarf;
				ENABLE_STRICT_OBJC_MSGSEND = YES;
				ENABLE_TESTABILITY = YES;
				GCC_C_LANGUAGE_STANDARD = gnu11;
				GCC_DYNAMIC_NO_PIC = NO;
				GCC_NO_COMMON_BLOCKS = YES;
				GCC_OPTIMIZATION_LEVEL = 0;
				GCC_PREPROCESSOR_DEFINITIONS = (
					"DEBUG=1",
					"$(inherited)",
				);
				GCC_WARN_64_TO_32_BIT_CONVERSION = YES;
				GCC_WARN_ABOUT_RETURN_TYPE = YES_ERROR;
				GCC_WARN_UNDECLARED_SELECTOR = YES;
				GCC_WARN_UNINITIALIZED_AUTOS = YES_AGGRESSIVE;
				GCC_WARN_UNUSED_FUNCTION = YES;
				GCC_WARN_UNUSED_VARIABLE = YES;
				IPHONEOS_DEPLOYMENT_TARGET = 15.5;
				MTL_ENABLE_DEBUG_INFO = INCLUDE_SOURCE;
				MTL_FAST_MATH = YES;
				ONLY_ACTIVE_ARCH = YES;
				SDKROOT = iphoneos;
				SWIFT_ACTIVE_COMPILATION_CONDITIONS = DEBUG;
				SWIFT_OPTIMIZATION_LEVEL = "-Onone";
			};
			name = Debug;
		};
		1163E77D2976FF7D00EA39EB /* Release */ = {
			isa = XCBuildConfiguration;
			buildSettings = {
				ALWAYS_SEARCH_USER_PATHS = NO;
				CLANG_ANALYZER_NONNULL = YES;
				CLANG_ANALYZER_NUMBER_OBJECT_CONVERSION = YES_AGGRESSIVE;
				CLANG_CXX_LANGUAGE_STANDARD = "gnu++20";
				CLANG_ENABLE_MODULES = YES;
				CLANG_ENABLE_OBJC_ARC = YES;
				CLANG_ENABLE_OBJC_WEAK = YES;
				CLANG_WARN_BLOCK_CAPTURE_AUTORELEASING = YES;
				CLANG_WARN_BOOL_CONVERSION = YES;
				CLANG_WARN_COMMA = YES;
				CLANG_WARN_CONSTANT_CONVERSION = YES;
				CLANG_WARN_DEPRECATED_OBJC_IMPLEMENTATIONS = YES;
				CLANG_WARN_DIRECT_OBJC_ISA_USAGE = YES_ERROR;
				CLANG_WARN_DOCUMENTATION_COMMENTS = YES;
				CLANG_WARN_EMPTY_BODY = YES;
				CLANG_WARN_ENUM_CONVERSION = YES;
				CLANG_WARN_INFINITE_RECURSION = YES;
				CLANG_WARN_INT_CONVERSION = YES;
				CLANG_WARN_NON_LITERAL_NULL_CONVERSION = YES;
				CLANG_WARN_OBJC_IMPLICIT_RETAIN_SELF = YES;
				CLANG_WARN_OBJC_LITERAL_CONVERSION = YES;
				CLANG_WARN_OBJC_ROOT_CLASS = YES_ERROR;
				CLANG_WARN_QUOTED_INCLUDE_IN_FRAMEWORK_HEADER = YES;
				CLANG_WARN_RANGE_LOOP_ANALYSIS = YES;
				CLANG_WARN_STRICT_PROTOTYPES = YES;
				CLANG_WARN_SUSPICIOUS_MOVE = YES;
				CLANG_WARN_UNGUARDED_AVAILABILITY = YES_AGGRESSIVE;
				CLANG_WARN_UNREACHABLE_CODE = YES;
				CLANG_WARN__DUPLICATE_METHOD_MATCH = YES;
				COPY_PHASE_STRIP = NO;
				DEBUG_INFORMATION_FORMAT = "dwarf-with-dsym";
				ENABLE_NS_ASSERTIONS = NO;
				ENABLE_STRICT_OBJC_MSGSEND = YES;
				GCC_C_LANGUAGE_STANDARD = gnu11;
				GCC_NO_COMMON_BLOCKS = YES;
				GCC_WARN_64_TO_32_BIT_CONVERSION = YES;
				GCC_WARN_ABOUT_RETURN_TYPE = YES_ERROR;
				GCC_WARN_UNDECLARED_SELECTOR = YES;
				GCC_WARN_UNINITIALIZED_AUTOS = YES_AGGRESSIVE;
				GCC_WARN_UNUSED_FUNCTION = YES;
				GCC_WARN_UNUSED_VARIABLE = YES;
				IPHONEOS_DEPLOYMENT_TARGET = 15.5;
				MTL_ENABLE_DEBUG_INFO = NO;
				MTL_FAST_MATH = YES;
				SDKROOT = iphoneos;
				SWIFT_COMPILATION_MODE = wholemodule;
				SWIFT_OPTIMIZATION_LEVEL = "-O";
				VALIDATE_PRODUCT = YES;
			};
			name = Release;
		};
		1163E77F2976FF7D00EA39EB /* Debug */ = {
			isa = XCBuildConfiguration;
			baseConfigurationReference = 8D2C777CAC130DB33E0BCC89 /* Pods-BankApp.debug.xcconfig */;
			buildSettings = {
				ASSETCATALOG_COMPILER_APPICON_NAME = AppIcon;
				ASSETCATALOG_COMPILER_GLOBAL_ACCENT_COLOR_NAME = AccentColor;
				CODE_SIGN_STYLE = Automatic;
				CURRENT_PROJECT_VERSION = 1;
				DEVELOPMENT_TEAM = PZCB5RRY2G;
				GENERATE_INFOPLIST_FILE = YES;
				INFOPLIST_FILE = BankApp/Info.plist;
				INFOPLIST_KEY_UIApplicationSupportsIndirectInputEvents = YES;
				INFOPLIST_KEY_UILaunchStoryboardName = LaunchScreen;
				INFOPLIST_KEY_UISupportedInterfaceOrientations_iPad = "UIInterfaceOrientationPortrait UIInterfaceOrientationPortraitUpsideDown UIInterfaceOrientationLandscapeLeft UIInterfaceOrientationLandscapeRight";
				INFOPLIST_KEY_UISupportedInterfaceOrientations_iPhone = "UIInterfaceOrientationPortrait UIInterfaceOrientationLandscapeLeft UIInterfaceOrientationLandscapeRight";
				LD_RUNPATH_SEARCH_PATHS = (
					"$(inherited)",
					"@executable_path/Frameworks",
				);
				MARKETING_VERSION = 1.0;
				PRODUCT_BUNDLE_IDENTIFIER = nikita.BankApp;
				PRODUCT_NAME = "$(TARGET_NAME)";
				SWIFT_EMIT_LOC_STRINGS = YES;
				SWIFT_VERSION = 5.0;
				TARGETED_DEVICE_FAMILY = "1,2";
			};
			name = Debug;
		};
		1163E7802976FF7D00EA39EB /* Release */ = {
			isa = XCBuildConfiguration;
			baseConfigurationReference = 24370D18416864903D1A0972 /* Pods-BankApp.release.xcconfig */;
			buildSettings = {
				ASSETCATALOG_COMPILER_APPICON_NAME = AppIcon;
				ASSETCATALOG_COMPILER_GLOBAL_ACCENT_COLOR_NAME = AccentColor;
				CODE_SIGN_STYLE = Automatic;
				CURRENT_PROJECT_VERSION = 1;
				DEVELOPMENT_TEAM = PZCB5RRY2G;
				GENERATE_INFOPLIST_FILE = YES;
				INFOPLIST_FILE = BankApp/Info.plist;
				INFOPLIST_KEY_UIApplicationSupportsIndirectInputEvents = YES;
				INFOPLIST_KEY_UILaunchStoryboardName = LaunchScreen;
				INFOPLIST_KEY_UISupportedInterfaceOrientations_iPad = "UIInterfaceOrientationPortrait UIInterfaceOrientationPortraitUpsideDown UIInterfaceOrientationLandscapeLeft UIInterfaceOrientationLandscapeRight";
				INFOPLIST_KEY_UISupportedInterfaceOrientations_iPhone = "UIInterfaceOrientationPortrait UIInterfaceOrientationLandscapeLeft UIInterfaceOrientationLandscapeRight";
				LD_RUNPATH_SEARCH_PATHS = (
					"$(inherited)",
					"@executable_path/Frameworks",
				);
				MARKETING_VERSION = 1.0;
				PRODUCT_BUNDLE_IDENTIFIER = nikita.BankApp;
				PRODUCT_NAME = "$(TARGET_NAME)";
				SWIFT_EMIT_LOC_STRINGS = YES;
				SWIFT_VERSION = 5.0;
				TARGETED_DEVICE_FAMILY = "1,2";
			};
			name = Release;
		};
/* End XCBuildConfiguration section */

/* Begin XCConfigurationList section */
		1163E7652976FF7A00EA39EB /* Build configuration list for PBXProject "BankApp" */ = {
			isa = XCConfigurationList;
			buildConfigurations = (
				1163E77C2976FF7D00EA39EB /* Debug */,
				1163E77D2976FF7D00EA39EB /* Release */,
			);
			defaultConfigurationIsVisible = 0;
			defaultConfigurationName = Release;
		};
		1163E77E2976FF7D00EA39EB /* Build configuration list for PBXNativeTarget "BankApp" */ = {
			isa = XCConfigurationList;
			buildConfigurations = (
				1163E77F2976FF7D00EA39EB /* Debug */,
				1163E7802976FF7D00EA39EB /* Release */,
			);
			defaultConfigurationIsVisible = 0;
			defaultConfigurationName = Release;
		};
/* End XCConfigurationList section */
	};
	rootObject = 1163E7622976FF7A00EA39EB /* Project object */;
}
